
Microsoft Visual Studio Solution File, Format Version 12.00
# Visual Studio Version 17
VisualStudioVersion = 17.14.36127.28 d17.14
MinimumVisualStudioVersion = 10.0.40219.1
Project("{FAE04EC0-301F-11D3-BF4B-00C04F79EFBC}") = "PasswordManager", "PasswordManager.csproj", "{8ABF95C7-7E6D-471B-944E-08F41D1A580E}"
EndProject
Global
	GlobalSection(SolutionConfigurationPlatforms) = preSolution
		Debug|Any CPU = Debug|Any CPU
		Release|Any CPU = Release|Any CPU
	EndGlobalSection
	GlobalSection(ProjectConfigurationPlatforms) = postSolution
		{8ABF95C7-7E6D-471B-944E-08F41D1A580E}.Debug|Any CPU.ActiveCfg = Debug|Any CPU
		{8ABF95C7-7E6D-471B-944E-08F41D1A580E}.Debug|Any CPU.Build.0 = Debug|Any CPU
		{8ABF95C7-7E6D-471B-944E-08F41D1A580E}.Release|Any CPU.ActiveCfg = Release|Any CPU
		{8ABF95C7-7E6D-471B-944E-08F41D1A580E}.Release|Any CPU.Build.0 = Release|Any CPU
	EndGlobalSection
	GlobalSection(SolutionProperties) = preSolution
		HideSolutionNode = FALSE
	EndGlobalSection
	GlobalSection(ExtensibilityGlobals) = postSolution
		SolutionGuid = {CCD85773-A646-4A6A-92AF-61D200FA60D6}
	EndGlobalSection
EndGlobal
